annotated-types==0.7.0
antlr4-python3-runtime==4.9.3
attrs @ file:///tmp/hjajula/spack-stage/spack-stage-py-attrs-26.1.0-tlcahl6eju3uowrslcuvdx6raqgndgld/spack-src
click @ file:///tmp/hjajula/spack-stage/spack-stage-py-click-8.1.8-tf53sa4szdheuvasren6li7no5xgxpgp/spack-src
dnspython==2.8.0
-e git+https://github.com/hariteja-jajula/flowcept.git@63298bc79efce3429058ad680440d78fb583bdf6#egg=flowcept&subdirectory=../../../../../../../../../eagle/radix-io/hjajula/test/darshan-mofka/flowcept
margo @ file:///tmp/hjajula/spack-stage/spack-stage-py-mochi-margo-0.6.2-dojesq7gqgmhatbrblopn666txisakmn/spack-src
markdown-it-py @ file:///tmp/hjajula/spack-stage/spack-stage-py-markdown-it-py-4.0.0-3mmgyfpu6ehpzjy7smwkjo24odaifu3o/spack-src
mdurl @ file:///tmp/hjajula/spack-stage/spack-stage-py-mdurl-0.1.2-wjoyxpymdpjidotcczbzxkq7s66yslvy/spack-src
msgpack==1.1.2
numpy==2.4.6
omegaconf==2.3.0
orjson==3.11.9
ormsgpack==1.12.2
psutil==7.2.2
pybind11 @ file:///tmp/hjajula/spack-stage/spack-stage-py-pybind11-3.0.2-bro23yoaurox6czojfdtt7j7w5tsbgt4/spack-src
pydantic==2.13.4
pydantic-settings==2.14.2
pydantic_core==2.46.4
Pygments @ file:///tmp/hjajula/spack-stage/spack-stage-py-pygments-2.19.2-kworawgz6mzttphx6wqlgcybg3pko5wi/spack-src
pymongo==4.17.0
python-dotenv==1.2.2
PyYAML==6.0.3
redis==8.0.0
rich @ file:///tmp/hjajula/spack-stage/spack-stage-py-rich-15.0.0-xjkwcrz6ebjs3s4wejw75zg5erqwaiok/spack-src
shellingham @ file:///tmp/hjajula/spack-stage/spack-stage-py-shellingham-1.5.0-frnp3674oemsdzkjz4w24eq5g4kqdzql/spack-src
typer @ file:///tmp/hjajula/spack-stage/spack-stage-py-typer-0.15.1-ud6bqidlumuci2umuhi7ht4lpajlugm6/spack-src
typing-inspection==0.4.2
typing_extensions @ file:///tmp/hjajula/spack-stage/spack-stage-py-typing-extensions-4.15.0-cw2cxa4b336roalnsvbs6cna54lyeiqd/spack-src
